{
  "name": "nsv",
  "lockfileVersion": 3,
  "requires": true,
  "packages": {
    "": {
      "dependencies": {
        "nativescript-theme-core": "^1.0.7"
      }
    },
    "node_modules/nativescript-theme-core": {
      "version": "1.0.7",
      "resolved": "https://registry.npmjs.org/nativescript-theme-core/-/nativescript-theme-core-1.0.7.tgz",
      "integrity": "sha512-MJi3Lmj00dLylNwY31Zx5uC/vA5ylrODUzeQgkE9JPhmChOKVIJYu56NEEmSDjyphiQwT7f1Yr5gOw7dSFQo7A=="
    }
  }
}
